
Microsoft Visual Studio Solution File, Format Version 12.00
# Visual Studio 15
VisualStudioVersion = 15.0.26124.0
MinimumVisualStudioVersion = 15.0.26124.0
Project("{FAE04EC0-301F-11D3-BF4B-00C04F79EFBC}") = "ex1", "ex1\ex1.csproj", "{2A17FA60-276D-4E08-BCA6-52467F34EAAD}"
EndProject
Project("{FAE04EC0-301F-11D3-BF4B-00C04F79EFBC}") = "ex2", "ex2\ex2.csproj", "{1A4F954F-C800-4BEE-9140-E8D98F588826}"
EndProject
Project("{FAE04EC0-301F-11D3-BF4B-00C04F79EFBC}") = "ex3", "ex3\ex3.csproj", "{70060522-A2A8-4905-9234-3D0B9CA16CA8}"
EndProject
Project("{FAE04EC0-301F-11D3-BF4B-00C04F79EFBC}") = "ex4", "ex4\ex4.csproj", "{38569AD8-CAB4-4B75-861B-E5F5BEED3345}"
EndProject
Project("{FAE04EC0-301F-11D3-BF4B-00C04F79EFBC}") = "ex5", "ex5\ex5.csproj", "{D3382556-101A-4DEC-93D6-0E2B975B6F9A}"
EndProject
Project("{FAE04EC0-301F-11D3-BF4B-00C04F79EFBC}") = "ex6", "ex6\ex6.csproj", "{5C6A7259-9ABE-4A8A-96E9-3FD5062349CF}"
EndProject
Project("{FAE04EC0-301F-11D3-BF4B-00C04F79EFBC}") = "ex7", "ex7\ex7.csproj", "{401F6644-2EFE-4C13-9729-926A273EAD78}"
EndProject
Project("{FAE04EC0-301F-11D3-BF4B-00C04F79EFBC}") = "ex8", "ex8\ex8.csproj", "{DE56B554-1F56-42DB-8611-3EA19C683C26}"
EndProject
Project("{FAE04EC0-301F-11D3-BF4B-00C04F79EFBC}") = "ex9", "ex9\ex9.csproj", "{879A9DC7-7832-4364-B093-810D8E1B437A}"
EndProject
Project("{FAE04EC0-301F-11D3-BF4B-00C04F79EFBC}") = "ex10", "ex10\ex10.csproj", "{FF868189-DD1F-423A-BD78-AF2C276759BB}"
EndProject
Project("{FAE04EC0-301F-11D3-BF4B-00C04F79EFBC}") = "ex11", "ex11\ex11.csproj", "{B4E4B664-475F-4D29-85DA-C3C8A71A3CD2}"
EndProject
Project("{FAE04EC0-301F-11D3-BF4B-00C04F79EFBC}") = "ex12", "ex12\ex12.csproj", "{BFBB3CF4-642B-4F8E-8322-3D84F545AEA0}"
EndProject
Project("{FAE04EC0-301F-11D3-BF4B-00C04F79EFBC}") = "ex13", "ex13\ex13.csproj", "{1CFB0228-15A8-44AC-94F0-20ECE3089C84}"
EndProject
Project("{FAE04EC0-301F-11D3-BF4B-00C04F79EFBC}") = "ex14", "ex14\ex14.csproj", "{C53E4C2F-6083-47C6-9A72-17703F79EFCA}"
EndProject
Project("{FAE04EC0-301F-11D3-BF4B-00C04F79EFBC}") = "ex15", "ex15\ex15.csproj", "{F330EDB7-C10D-4D6A-A6E5-E84E2FF61535}"
EndProject
Project("{FAE04EC0-301F-11D3-BF4B-00C04F79EFBC}") = "ex16", "ex16\ex16.csproj", "{CF447104-47F2-4718-8736-2E57247A9C79}"
EndProject
Project("{FAE04EC0-301F-11D3-BF4B-00C04F79EFBC}") = "ex17", "ex17\ex17.csproj", "{214B893A-3E4A-4FD3-9CD6-8C313DCAAC11}"
EndProject
Project("{FAE04EC0-301F-11D3-BF4B-00C04F79EFBC}") = "ex18", "ex18\ex18.csproj", "{1E6DBD22-E4F5-494B-A5FB-444CA974172A}"
EndProject
Global
	GlobalSection(SolutionConfigurationPlatforms) = preSolution
		Debug|Any CPU = Debug|Any CPU
		Debug|x64 = Debug|x64
		Debug|x86 = Debug|x86
		Release|Any CPU = Release|Any CPU
		Release|x64 = Release|x64
		Release|x86 = Release|x86
	EndGlobalSection
	GlobalSection(SolutionProperties) = preSolution
		HideSolutionNode = FALSE
	EndGlobalSection
	GlobalSection(ProjectConfigurationPlatforms) = postSolution
		{2A17FA60-276D-4E08-BCA6-52467F34EAAD}.Debug|Any CPU.ActiveCfg = Debug|Any CPU
		{2A17FA60-276D-4E08-BCA6-52467F34EAAD}.Debug|Any CPU.Build.0 = Debug|Any CPU
		{2A17FA60-276D-4E08-BCA6-52467F34EAAD}.Debug|x64.ActiveCfg = Debug|Any CPU
		{2A17FA60-276D-4E08-BCA6-52467F34EAAD}.Debug|x64.Build.0 = Debug|Any CPU
		{2A17FA60-276D-4E08-BCA6-52467F34EAAD}.Debug|x86.ActiveCfg = Debug|Any CPU
		{2A17FA60-276D-4E08-BCA6-52467F34EAAD}.Debug|x86.Build.0 = Debug|Any CPU
		{2A17FA60-276D-4E08-BCA6-52467F34EAAD}.Release|Any CPU.ActiveCfg = Release|Any CPU
		{2A17FA60-276D-4E08-BCA6-52467F34EAAD}.Release|Any CPU.Build.0 = Release|Any CPU
		{2A17FA60-276D-4E08-BCA6-52467F34EAAD}.Release|x64.ActiveCfg = Release|Any CPU
		{2A17FA60-276D-4E08-BCA6-52467F34EAAD}.Release|x64.Build.0 = Release|Any CPU
		{2A17FA60-276D-4E08-BCA6-52467F34EAAD}.Release|x86.ActiveCfg = Release|Any CPU
		{2A17FA60-276D-4E08-BCA6-52467F34EAAD}.Release|x86.Build.0 = Release|Any CPU
		{1A4F954F-C800-4BEE-9140-E8D98F588826}.Debug|Any CPU.ActiveCfg = Debug|Any CPU
		{1A4F954F-C800-4BEE-9140-E8D98F588826}.Debug|Any CPU.Build.0 = Debug|Any CPU
		{1A4F954F-C800-4BEE-9140-E8D98F588826}.Debug|x64.ActiveCfg = Debug|Any CPU
		{1A4F954F-C800-4BEE-9140-E8D98F588826}.Debug|x64.Build.0 = Debug|Any CPU
		{1A4F954F-C800-4BEE-9140-E8D98F588826}.Debug|x86.ActiveCfg = Debug|Any CPU
		{1A4F954F-C800-4BEE-9140-E8D98F588826}.Debug|x86.Build.0 = Debug|Any CPU
		{1A4F954F-C800-4BEE-9140-E8D98F588826}.Release|Any CPU.ActiveCfg = Release|Any CPU
		{1A4F954F-C800-4BEE-9140-E8D98F588826}.Release|Any CPU.Build.0 = Release|Any CPU
		{1A4F954F-C800-4BEE-9140-E8D98F588826}.Release|x64.ActiveCfg = Release|Any CPU
		{1A4F954F-C800-4BEE-9140-E8D98F588826}.Release|x64.Build.0 = Release|Any CPU
		{1A4F954F-C800-4BEE-9140-E8D98F588826}.Release|x86.ActiveCfg = Release|Any CPU
		{1A4F954F-C800-4BEE-9140-E8D98F588826}.Release|x86.Build.0 = Release|Any CPU
		{70060522-A2A8-4905-9234-3D0B9CA16CA8}.Debug|Any CPU.ActiveCfg = Debug|Any CPU
		{70060522-A2A8-4905-9234-3D0B9CA16CA8}.Debug|Any CPU.Build.0 = Debug|Any CPU
		{70060522-A2A8-4905-9234-3D0B9CA16CA8}.Debug|x64.ActiveCfg = Debug|Any CPU
		{70060522-A2A8-4905-9234-3D0B9CA16CA8}.Debug|x64.Build.0 = Debug|Any CPU
		{70060522-A2A8-4905-9234-3D0B9CA16CA8}.Debug|x86.ActiveCfg = Debug|Any CPU
		{70060522-A2A8-4905-9234-3D0B9CA16CA8}.Debug|x86.Build.0 = Debug|Any CPU
		{70060522-A2A8-4905-9234-3D0B9CA16CA8}.Release|Any CPU.ActiveCfg = Release|Any CPU
		{70060522-A2A8-4905-9234-3D0B9CA16CA8}.Release|Any CPU.Build.0 = Release|Any CPU
		{70060522-A2A8-4905-9234-3D0B9CA16CA8}.Release|x64.ActiveCfg = Release|Any CPU
		{70060522-A2A8-4905-9234-3D0B9CA16CA8}.Release|x64.Build.0 = Release|Any CPU
		{70060522-A2A8-4905-9234-3D0B9CA16CA8}.Release|x86.ActiveCfg = Release|Any CPU
		{70060522-A2A8-4905-9234-3D0B9CA16CA8}.Release|x86.Build.0 = Release|Any CPU
		{38569AD8-CAB4-4B75-861B-E5F5BEED3345}.Debug|Any CPU.ActiveCfg = Debug|Any CPU
		{38569AD8-CAB4-4B75-861B-E5F5BEED3345}.Debug|Any CPU.Build.0 = Debug|Any CPU
		{38569AD8-CAB4-4B75-861B-E5F5BEED3345}.Debug|x64.ActiveCfg = Debug|Any CPU
		{38569AD8-CAB4-4B75-861B-E5F5BEED3345}.Debug|x64.Build.0 = Debug|Any CPU
		{38569AD8-CAB4-4B75-861B-E5F5BEED3345}.Debug|x86.ActiveCfg = Debug|Any CPU
		{38569AD8-CAB4-4B75-861B-E5F5BEED3345}.Debug|x86.Build.0 = Debug|Any CPU
		{38569AD8-CAB4-4B75-861B-E5F5BEED3345}.Release|Any CPU.ActiveCfg = Release|Any CPU
		{38569AD8-CAB4-4B75-861B-E5F5BEED3345}.Release|Any CPU.Build.0 = Release|Any CPU
		{38569AD8-CAB4-4B75-861B-E5F5BEED3345}.Release|x64.ActiveCfg = Release|Any CPU
		{38569AD8-CAB4-4B75-861B-E5F5BEED3345}.Release|x64.Build.0 = Release|Any CPU
		{38569AD8-CAB4-4B75-861B-E5F5BEED3345}.Release|x86.ActiveCfg = Release|Any CPU
		{38569AD8-CAB4-4B75-861B-E5F5BEED3345}.Release|x86.Build.0 = Release|Any CPU
		{D3382556-101A-4DEC-93D6-0E2B975B6F9A}.Debug|Any CPU.ActiveCfg = Debug|Any CPU
		{D3382556-101A-4DEC-93D6-0E2B975B6F9A}.Debug|Any CPU.Build.0 = Debug|Any CPU
		{D3382556-101A-4DEC-93D6-0E2B975B6F9A}.Debug|x64.ActiveCfg = Debug|Any CPU
		{D3382556-101A-4DEC-93D6-0E2B975B6F9A}.Debug|x64.Build.0 = Debug|Any CPU
		{D3382556-101A-4DEC-93D6-0E2B975B6F9A}.Debug|x86.ActiveCfg = Debug|Any CPU
		{D3382556-101A-4DEC-93D6-0E2B975B6F9A}.Debug|x86.Build.0 = Debug|Any CPU
		{D3382556-101A-4DEC-93D6-0E2B975B6F9A}.Release|Any CPU.ActiveCfg = Release|Any CPU
		{D3382556-101A-4DEC-93D6-0E2B975B6F9A}.Release|Any CPU.Build.0 = Release|Any CPU
		{D3382556-101A-4DEC-93D6-0E2B975B6F9A}.Release|x64.ActiveCfg = Release|Any CPU
		{D3382556-101A-4DEC-93D6-0E2B975B6F9A}.Release|x64.Build.0 = Release|Any CPU
		{D3382556-101A-4DEC-93D6-0E2B975B6F9A}.Release|x86.ActiveCfg = Release|Any CPU
		{D3382556-101A-4DEC-93D6-0E2B975B6F9A}.Release|x86.Build.0 = Release|Any CPU
		{5C6A7259-9ABE-4A8A-96E9-3FD5062349CF}.Debug|Any CPU.ActiveCfg = Debug|Any CPU
		{5C6A7259-9ABE-4A8A-96E9-3FD5062349CF}.Debug|Any CPU.Build.0 = Debug|Any CPU
		{5C6A7259-9ABE-4A8A-96E9-3FD5062349CF}.Debug|x64.ActiveCfg = Debug|Any CPU
		{5C6A7259-9ABE-4A8A-96E9-3FD5062349CF}.Debug|x64.Build.0 = Debug|Any CPU
		{5C6A7259-9ABE-4A8A-96E9-3FD5062349CF}.Debug|x86.ActiveCfg = Debug|Any CPU
		{5C6A7259-9ABE-4A8A-96E9-3FD5062349CF}.Debug|x86.Build.0 = Debug|Any CPU
		{5C6A7259-9ABE-4A8A-96E9-3FD5062349CF}.Release|Any CPU.ActiveCfg = Release|Any CPU
		{5C6A7259-9ABE-4A8A-96E9-3FD5062349CF}.Release|Any CPU.Build.0 = Release|Any CPU
		{5C6A7259-9ABE-4A8A-96E9-3FD5062349CF}.Release|x64.ActiveCfg = Release|Any CPU
		{5C6A7259-9ABE-4A8A-96E9-3FD5062349CF}.Release|x64.Build.0 = Release|Any CPU
		{5C6A7259-9ABE-4A8A-96E9-3FD5062349CF}.Release|x86.ActiveCfg = Release|Any CPU
		{5C6A7259-9ABE-4A8A-96E9-3FD5062349CF}.Release|x86.Build.0 = Release|Any CPU
		{401F6644-2EFE-4C13-9729-926A273EAD78}.Debug|Any CPU.ActiveCfg = Debug|Any CPU
		{401F6644-2EFE-4C13-9729-926A273EAD78}.Debug|Any CPU.Build.0 = Debug|Any CPU
		{401F6644-2EFE-4C13-9729-926A273EAD78}.Debug|x64.ActiveCfg = Debug|Any CPU
		{401F6644-2EFE-4C13-9729-926A273EAD78}.Debug|x64.Build.0 = Debug|Any CPU
		{401F6644-2EFE-4C13-9729-926A273EAD78}.Debug|x86.ActiveCfg = Debug|Any CPU
		{401F6644-2EFE-4C13-9729-926A273EAD78}.Debug|x86.Build.0 = Debug|Any CPU
		{401F6644-2EFE-4C13-9729-926A273EAD78}.Release|Any CPU.ActiveCfg = Release|Any CPU
		{401F6644-2EFE-4C13-9729-926A273EAD78}.Release|Any CPU.Build.0 = Release|Any CPU
		{401F6644-2EFE-4C13-9729-926A273EAD78}.Release|x64.ActiveCfg = Release|Any CPU
		{401F6644-2EFE-4C13-9729-926A273EAD78}.Release|x64.Build.0 = Release|Any CPU
		{401F6644-2EFE-4C13-9729-926A273EAD78}.Release|x86.ActiveCfg = Release|Any CPU
		{401F6644-2EFE-4C13-9729-926A273EAD78}.Release|x86.Build.0 = Release|Any CPU
		{DE56B554-1F56-42DB-8611-3EA19C683C26}.Debug|Any CPU.ActiveCfg = Debug|Any CPU
		{DE56B554-1F56-42DB-8611-3EA19C683C26}.Debug|Any CPU.Build.0 = Debug|Any CPU
		{DE56B554-1F56-42DB-8611-3EA19C683C26}.Debug|x64.ActiveCfg = Debug|Any CPU
		{DE56B554-1F56-42DB-8611-3EA19C683C26}.Debug|x64.Build.0 = Debug|Any CPU
		{DE56B554-1F56-42DB-8611-3EA19C683C26}.Debug|x86.ActiveCfg = Debug|Any CPU
		{DE56B554-1F56-42DB-8611-3EA19C683C26}.Debug|x86.Build.0 = Debug|Any CPU
		{DE56B554-1F56-42DB-8611-3EA19C683C26}.Release|Any CPU.ActiveCfg = Release|Any CPU
		{DE56B554-1F56-42DB-8611-3EA19C683C26}.Release|Any CPU.Build.0 = Release|Any CPU
		{DE56B554-1F56-42DB-8611-3EA19C683C26}.Release|x64.ActiveCfg = Release|Any CPU
		{DE56B554-1F56-42DB-8611-3EA19C683C26}.Release|x64.Build.0 = Release|Any CPU
		{DE56B554-1F56-42DB-8611-3EA19C683C26}.Release|x86.ActiveCfg = Release|Any CPU
		{DE56B554-1F56-42DB-8611-3EA19C683C26}.Release|x86.Build.0 = Release|Any CPU
		{879A9DC7-7832-4364-B093-810D8E1B437A}.Debug|Any CPU.ActiveCfg = Debug|Any CPU
		{879A9DC7-7832-4364-B093-810D8E1B437A}.Debug|Any CPU.Build.0 = Debug|Any CPU
		{879A9DC7-7832-4364-B093-810D8E1B437A}.Debug|x64.ActiveCfg = Debug|Any CPU
		{879A9DC7-7832-4364-B093-810D8E1B437A}.Debug|x64.Build.0 = Debug|Any CPU
		{879A9DC7-7832-4364-B093-810D8E1B437A}.Debug|x86.ActiveCfg = Debug|Any CPU
		{879A9DC7-7832-4364-B093-810D8E1B437A}.Debug|x86.Build.0 = Debug|Any CPU
		{879A9DC7-7832-4364-B093-810D8E1B437A}.Release|Any CPU.ActiveCfg = Release|Any CPU
		{879A9DC7-7832-4364-B093-810D8E1B437A}.Release|Any CPU.Build.0 = Release|Any CPU
		{879A9DC7-7832-4364-B093-810D8E1B437A}.Release|x64.ActiveCfg = Release|Any CPU
		{879A9DC7-7832-4364-B093-810D8E1B437A}.Release|x64.Build.0 = Release|Any CPU
		{879A9DC7-7832-4364-B093-810D8E1B437A}.Release|x86.ActiveCfg = Release|Any CPU
		{879A9DC7-7832-4364-B093-810D8E1B437A}.Release|x86.Build.0 = Release|Any CPU
		{FF868189-DD1F-423A-BD78-AF2C276759BB}.Debug|Any CPU.ActiveCfg = Debug|Any CPU
		{FF868189-DD1F-423A-BD78-AF2C276759BB}.Debug|Any CPU.Build.0 = Debug|Any CPU
		{FF868189-DD1F-423A-BD78-AF2C276759BB}.Debug|x64.ActiveCfg = Debug|Any CPU
		{FF868189-DD1F-423A-BD78-AF2C276759BB}.Debug|x64.Build.0 = Debug|Any CPU
		{FF868189-DD1F-423A-BD78-AF2C276759BB}.Debug|x86.ActiveCfg = Debug|Any CPU
		{FF868189-DD1F-423A-BD78-AF2C276759BB}.Debug|x86.Build.0 = Debug|Any CPU
		{FF868189-DD1F-423A-BD78-AF2C276759BB}.Release|Any CPU.ActiveCfg = Release|Any CPU
		{FF868189-DD1F-423A-BD78-AF2C276759BB}.Release|Any CPU.Build.0 = Release|Any CPU
		{FF868189-DD1F-423A-BD78-AF2C276759BB}.Release|x64.ActiveCfg = Release|Any CPU
		{FF868189-DD1F-423A-BD78-AF2C276759BB}.Release|x64.Build.0 = Release|Any CPU
		{FF868189-DD1F-423A-BD78-AF2C276759BB}.Release|x86.ActiveCfg = Release|Any CPU
		{FF868189-DD1F-423A-BD78-AF2C276759BB}.Release|x86.Build.0 = Release|Any CPU
		{B4E4B664-475F-4D29-85DA-C3C8A71A3CD2}.Debug|Any CPU.ActiveCfg = Debug|Any CPU
		{B4E4B664-475F-4D29-85DA-C3C8A71A3CD2}.Debug|Any CPU.Build.0 = Debug|Any CPU
		{B4E4B664-475F-4D29-85DA-C3C8A71A3CD2}.Debug|x64.ActiveCfg = Debug|Any CPU
		{B4E4B664-475F-4D29-85DA-C3C8A71A3CD2}.Debug|x64.Build.0 = Debug|Any CPU
		{B4E4B664-475F-4D29-85DA-C3C8A71A3CD2}.Debug|x86.ActiveCfg = Debug|Any CPU
		{B4E4B664-475F-4D29-85DA-C3C8A71A3CD2}.Debug|x86.Build.0 = Debug|Any CPU
		{B4E4B664-475F-4D29-85DA-C3C8A71A3CD2}.Release|Any CPU.ActiveCfg = Release|Any CPU
		{B4E4B664-475F-4D29-85DA-C3C8A71A3CD2}.Release|Any CPU.Build.0 = Release|Any CPU
		{B4E4B664-475F-4D29-85DA-C3C8A71A3CD2}.Release|x64.ActiveCfg = Release|Any CPU
		{B4E4B664-475F-4D29-85DA-C3C8A71A3CD2}.Release|x64.Build.0 = Release|Any CPU
		{B4E4B664-475F-4D29-85DA-C3C8A71A3CD2}.Release|x86.ActiveCfg = Release|Any CPU
		{B4E4B664-475F-4D29-85DA-C3C8A71A3CD2}.Release|x86.Build.0 = Release|Any CPU
		{BFBB3CF4-642B-4F8E-8322-3D84F545AEA0}.Debug|Any CPU.ActiveCfg = Debug|Any CPU
		{BFBB3CF4-642B-4F8E-8322-3D84F545AEA0}.Debug|Any CPU.Build.0 = Debug|Any CPU
		{BFBB3CF4-642B-4F8E-8322-3D84F545AEA0}.Debug|x64.ActiveCfg = Debug|Any CPU
		{BFBB3CF4-642B-4F8E-8322-3D84F545AEA0}.Debug|x64.Build.0 = Debug|Any CPU
		{BFBB3CF4-642B-4F8E-8322-3D84F545AEA0}.Debug|x86.ActiveCfg = Debug|Any CPU
		{BFBB3CF4-642B-4F8E-8322-3D84F545AEA0}.Debug|x86.Build.0 = Debug|Any CPU
		{BFBB3CF4-642B-4F8E-8322-3D84F545AEA0}.Release|Any CPU.ActiveCfg = Release|Any CPU
		{BFBB3CF4-642B-4F8E-8322-3D84F545AEA0}.Release|Any CPU.Build.0 = Release|Any CPU
		{BFBB3CF4-642B-4F8E-8322-3D84F545AEA0}.Release|x64.ActiveCfg = Release|Any CPU
		{BFBB3CF4-642B-4F8E-8322-3D84F545AEA0}.Release|x64.Build.0 = Release|Any CPU
		{BFBB3CF4-642B-4F8E-8322-3D84F545AEA0}.Release|x86.ActiveCfg = Release|Any CPU
		{BFBB3CF4-642B-4F8E-8322-3D84F545AEA0}.Release|x86.Build.0 = Release|Any CPU
		{1CFB0228-15A8-44AC-94F0-20ECE3089C84}.Debug|Any CPU.ActiveCfg = Debug|Any CPU
		{1CFB0228-15A8-44AC-94F0-20ECE3089C84}.Debug|Any CPU.Build.0 = Debug|Any CPU
		{1CFB0228-15A8-44AC-94F0-20ECE3089C84}.Debug|x64.ActiveCfg = Debug|Any CPU
		{1CFB0228-15A8-44AC-94F0-20ECE3089C84}.Debug|x64.Build.0 = Debug|Any CPU
		{1CFB0228-15A8-44AC-94F0-20ECE3089C84}.Debug|x86.ActiveCfg = Debug|Any CPU
		{1CFB0228-15A8-44AC-94F0-20ECE3089C84}.Debug|x86.Build.0 = Debug|Any CPU
		{1CFB0228-15A8-44AC-94F0-20ECE3089C84}.Release|Any CPU.ActiveCfg = Release|Any CPU
		{1CFB0228-15A8-44AC-94F0-20ECE3089C84}.Release|Any CPU.Build.0 = Release|Any CPU
		{1CFB0228-15A8-44AC-94F0-20ECE3089C84}.Release|x64.ActiveCfg = Release|Any CPU
		{1CFB0228-15A8-44AC-94F0-20ECE3089C84}.Release|x64.Build.0 = Release|Any CPU
		{1CFB0228-15A8-44AC-94F0-20ECE3089C84}.Release|x86.ActiveCfg = Release|Any CPU
		{1CFB0228-15A8-44AC-94F0-20ECE3089C84}.Release|x86.Build.0 = Release|Any CPU
		{C53E4C2F-6083-47C6-9A72-17703F79EFCA}.Debug|Any CPU.ActiveCfg = Debug|Any CPU
		{C53E4C2F-6083-47C6-9A72-17703F79EFCA}.Debug|Any CPU.Build.0 = Debug|Any CPU
		{C53E4C2F-6083-47C6-9A72-17703F79EFCA}.Debug|x64.ActiveCfg = Debug|Any CPU
		{C53E4C2F-6083-47C6-9A72-17703F79EFCA}.Debug|x64.Build.0 = Debug|Any CPU
		{C53E4C2F-6083-47C6-9A72-17703F79EFCA}.Debug|x86.ActiveCfg = Debug|Any CPU
		{C53E4C2F-6083-47C6-9A72-17703F79EFCA}.Debug|x86.Build.0 = Debug|Any CPU
		{C53E4C2F-6083-47C6-9A72-17703F79EFCA}.Release|Any CPU.ActiveCfg = Release|Any CPU
		{C53E4C2F-6083-47C6-9A72-17703F79EFCA}.Release|Any CPU.Build.0 = Release|Any CPU
		{C53E4C2F-6083-47C6-9A72-17703F79EFCA}.Release|x64.ActiveCfg = Release|Any CPU
		{C53E4C2F-6083-47C6-9A72-17703F79EFCA}.Release|x64.Build.0 = Release|Any CPU
		{C53E4C2F-6083-47C6-9A72-17703F79EFCA}.Release|x86.ActiveCfg = Release|Any CPU
		{C53E4C2F-6083-47C6-9A72-17703F79EFCA}.Release|x86.Build.0 = Release|Any CPU
		{F330EDB7-C10D-4D6A-A6E5-E84E2FF61535}.Debug|Any CPU.ActiveCfg = Debug|Any CPU
		{F330EDB7-C10D-4D6A-A6E5-E84E2FF61535}.Debug|Any CPU.Build.0 = Debug|Any CPU
		{F330EDB7-C10D-4D6A-A6E5-E84E2FF61535}.Debug|x64.ActiveCfg = Debug|Any CPU
		{F330EDB7-C10D-4D6A-A6E5-E84E2FF61535}.Debug|x64.Build.0 = Debug|Any CPU
		{F330EDB7-C10D-4D6A-A6E5-E84E2FF61535}.Debug|x86.ActiveCfg = Debug|Any CPU
		{F330EDB7-C10D-4D6A-A6E5-E84E2FF61535}.Debug|x86.Build.0 = Debug|Any CPU
		{F330EDB7-C10D-4D6A-A6E5-E84E2FF61535}.Release|Any CPU.ActiveCfg = Release|Any CPU
		{F330EDB7-C10D-4D6A-A6E5-E84E2FF61535}.Release|Any CPU.Build.0 = Release|Any CPU
		{F330EDB7-C10D-4D6A-A6E5-E84E2FF61535}.Release|x64.ActiveCfg = Release|Any CPU
		{F330EDB7-C10D-4D6A-A6E5-E84E2FF61535}.Release|x64.Build.0 = Release|Any CPU
		{F330EDB7-C10D-4D6A-A6E5-E84E2FF61535}.Release|x86.ActiveCfg = Release|Any CPU
		{F330EDB7-C10D-4D6A-A6E5-E84E2FF61535}.Release|x86.Build.0 = Release|Any CPU
		{CF447104-47F2-4718-8736-2E57247A9C79}.Debug|Any CPU.ActiveCfg = Debug|Any CPU
		{CF447104-47F2-4718-8736-2E57247A9C79}.Debug|Any CPU.Build.0 = Debug|Any CPU
		{CF447104-47F2-4718-8736-2E57247A9C79}.Debug|x64.ActiveCfg = Debug|Any CPU
		{CF447104-47F2-4718-8736-2E57247A9C79}.Debug|x64.Build.0 = Debug|Any CPU
		{CF447104-47F2-4718-8736-2E57247A9C79}.Debug|x86.ActiveCfg = Debug|Any CPU
		{CF447104-47F2-4718-8736-2E57247A9C79}.Debug|x86.Build.0 = Debug|Any CPU
		{CF447104-47F2-4718-8736-2E57247A9C79}.Release|Any CPU.ActiveCfg = Release|Any CPU
		{CF447104-47F2-4718-8736-2E57247A9C79}.Release|Any CPU.Build.0 = Release|Any CPU
		{CF447104-47F2-4718-8736-2E57247A9C79}.Release|x64.ActiveCfg = Release|Any CPU
		{CF447104-47F2-4718-8736-2E57247A9C79}.Release|x64.Build.0 = Release|Any CPU
		{CF447104-47F2-4718-8736-2E57247A9C79}.Release|x86.ActiveCfg = Release|Any CPU
		{CF447104-47F2-4718-8736-2E57247A9C79}.Release|x86.Build.0 = Release|Any CPU
		{214B893A-3E4A-4FD3-9CD6-8C313DCAAC11}.Debug|Any CPU.ActiveCfg = Debug|Any CPU
		{214B893A-3E4A-4FD3-9CD6-8C313DCAAC11}.Debug|Any CPU.Build.0 = Debug|Any CPU
		{214B893A-3E4A-4FD3-9CD6-8C313DCAAC11}.Debug|x64.ActiveCfg = Debug|Any CPU
		{214B893A-3E4A-4FD3-9CD6-8C313DCAAC11}.Debug|x64.Build.0 = Debug|Any CPU
		{214B893A-3E4A-4FD3-9CD6-8C313DCAAC11}.Debug|x86.ActiveCfg = Debug|Any CPU
		{214B893A-3E4A-4FD3-9CD6-8C313DCAAC11}.Debug|x86.Build.0 = Debug|Any CPU
		{214B893A-3E4A-4FD3-9CD6-8C313DCAAC11}.Release|Any CPU.ActiveCfg = Release|Any CPU
		{214B893A-3E4A-4FD3-9CD6-8C313DCAAC11}.Release|Any CPU.Build.0 = Release|Any CPU
		{214B893A-3E4A-4FD3-9CD6-8C313DCAAC11}.Release|x64.ActiveCfg = Release|Any CPU
		{214B893A-3E4A-4FD3-9CD6-8C313DCAAC11}.Release|x64.Build.0 = Release|Any CPU
		{214B893A-3E4A-4FD3-9CD6-8C313DCAAC11}.Release|x86.ActiveCfg = Release|Any CPU
		{214B893A-3E4A-4FD3-9CD6-8C313DCAAC11}.Release|x86.Build.0 = Release|Any CPU
		{1E6DBD22-E4F5-494B-A5FB-444CA974172A}.Debug|Any CPU.ActiveCfg = Debug|Any CPU
		{1E6DBD22-E4F5-494B-A5FB-444CA974172A}.Debug|Any CPU.Build.0 = Debug|Any CPU
		{1E6DBD22-E4F5-494B-A5FB-444CA974172A}.Debug|x64.ActiveCfg = Debug|Any CPU
		{1E6DBD22-E4F5-494B-A5FB-444CA974172A}.Debug|x64.Build.0 = Debug|Any CPU
		{1E6DBD22-E4F5-494B-A5FB-444CA974172A}.Debug|x86.ActiveCfg = Debug|Any CPU
		{1E6DBD22-E4F5-494B-A5FB-444CA974172A}.Debug|x86.Build.0 = Debug|Any CPU
		{1E6DBD22-E4F5-494B-A5FB-444CA974172A}.Release|Any CPU.ActiveCfg = Release|Any CPU
		{1E6DBD22-E4F5-494B-A5FB-444CA974172A}.Release|Any CPU.Build.0 = Release|Any CPU
		{1E6DBD22-E4F5-494B-A5FB-444CA974172A}.Release|x64.ActiveCfg = Release|Any CPU
		{1E6DBD22-E4F5-494B-A5FB-444CA974172A}.Release|x64.Build.0 = Release|Any CPU
		{1E6DBD22-E4F5-494B-A5FB-444CA974172A}.Release|x86.ActiveCfg = Release|Any CPU
		{1E6DBD22-E4F5-494B-A5FB-444CA974172A}.Release|x86.Build.0 = Release|Any CPU
	EndGlobalSection
EndGlobal
